
Microsoft Visual Studio Solution File, Format Version 12.00
# Visual Studio Version 17
VisualStudioVersion = 17.8.34408.163
MinimumVisualStudioVersion = 10.0.40219.1
Project("{FAE04EC0-301F-11D3-BF4B-00C04F79EFBC}") = "NgonNguCSharp_DuAnGameRanSanMoi", "NgonNguCSharp_DuAnGameRanSanMoi\NgonNguCSharp_DuAnGameRanSanMoi.csproj", "{B8AF20A0-1A88-4FE1-9551-4700A9E05C1F}"
EndProject
Global
	GlobalSection(SolutionConfigurationPlatforms) = preSolution
		Debug|Any CPU = Debug|Any CPU
		Release|Any CPU = Release|Any CPU
	EndGlobalSection
	GlobalSection(ProjectConfigurationPlatforms) = postSolution
		{B8AF20A0-1A88-4FE1-9551-4700A9E05C1F}.Debug|Any CPU.ActiveCfg = Debug|Any CPU
		{B8AF20A0-1A88-4FE1-9551-4700A9E05C1F}.Debug|Any CPU.Build.0 = Debug|Any CPU
		{B8AF20A0-1A88-4FE1-9551-4700A9E05C1F}.Release|Any CPU.ActiveCfg = Release|Any CPU
		{B8AF20A0-1A88-4FE1-9551-4700A9E05C1F}.Release|Any CPU.Build.0 = Release|Any CPU
	EndGlobalSection
	GlobalSection(SolutionProperties) = preSolution
		HideSolutionNode = FALSE
	EndGlobalSection
	GlobalSection(ExtensibilityGlobals) = postSolution
		SolutionGuid = {9E276FE4-D4ED-4105-8180-029F5467A0FC}
	EndGlobalSection
EndGlobal
